# THIS IS AN AUTOGENERATED FILE. DO NOT EDIT THIS FILE DIRECTLY.
# yarn lockfile v1


"@babel/runtime@^7.17.8":
  "integrity" "sha512-eR8Lo9hnDS7tqkO7NsV+mKvCmv5boaXFSZ70DnfhcgiEne8hv9oCEd36Klw74EtizEqLsy4YnW8UWwpBVolHZA=="
  "resolved" "https://registry.npmjs.org/@babel/runtime/-/runtime-7.19.0.tgz"
  "version" "7.19.0"
  dependencies:
    "regenerator-runtime" "^0.13.4"

"@react-three/fiber@^8.7.4":
  "integrity" "sha512-vT/lhYA6XyPejOtz00rJ4weqBrigc79l8a0/tu/pH0Ci73nn08C4zeJ+uTO6GGJWR5PIzsdG+dTLAJMqcu7w4Q=="
  "resolved" "https://registry.npmjs.org/@react-three/fiber/-/fiber-8.7.4.tgz"
  "version" "8.7.4"
  dependencies:
    "@babel/runtime" "^7.17.8"
    "@types/react-reconciler" "^0.26.7"
    "react-reconciler" "^0.27.0"
    "react-use-measure" "^2.1.1"
    "scheduler" "^0.21.0"
    "suspend-react" "^0.0.8"
    "zustand" "^3.7.1"

"@theatre/core@*", "@theatre/core@^0.5.0":
  "integrity" "sha512-IW3Ym3mPL+u6+Ectn36Ku7oXEsGRXESZ6lX6EhG+LFSs4cibMRnDgmuUIs7PMHBa1a5RBK7Y91SdjHhTy4D1rg=="
  "resolved" "https://registry.npmjs.org/@theatre/core/-/core-0.5.0.tgz"
  "version" "0.5.0"
  dependencies:
    "@theatre/dataverse" "0.5.0"

"@theatre/dataverse@0.5.0":
  "integrity" "sha512-wSqxrfIf9gXmZ3zbmWH1ZLLjDU8rRJ15aAK1hszZUcW5riNd1VFeGROh5+BGF3RZXtWwYIxsyQ7DwS+GbRgnaA=="
  "resolved" "https://registry.npmjs.org/@theatre/dataverse/-/dataverse-0.5.0.tgz"
  "version" "0.5.0"
  dependencies:
    "lodash-es" "^4.17.21"

"@theatre/studio@^0.5.0":
  "integrity" "sha512-4Uvm8L/C9rJptz/7DvRp0fP10GkMNV5XVlgYgYELpDgxK2l0m9L68ZPg1wYCDLOqDCBKIs/LKzm0TMW/DAj8Iw=="
  "resolved" "https://registry.npmjs.org/@theatre/studio/-/studio-0.5.0.tgz"
  "version" "0.5.0"
  dependencies:
    "@theatre/dataverse" "0.5.0"

"@types/prop-types@*":
  "integrity" "sha512-JCB8C6SnDoQf0cNycqd/35A7MjcnK+ZTqE7judS6o7utxUCg6imJg3QK2qzHKszlTjcj2cn+NwMB2i96ubpj7w=="
  "resolved" "https://registry.npmjs.org/@types/prop-types/-/prop-types-15.7.5.tgz"
  "version" "15.7.5"

"@types/react-reconciler@^0.26.7":
  "integrity" "sha512-mBDYl8x+oyPX/VBb3E638N0B7xG+SPk/EAMcVPeexqus/5aTpTphQi0curhhshOqRrc9t6OPoJfEUkbymse/lQ=="
  "resolved" "https://registry.npmjs.org/@types/react-reconciler/-/react-reconciler-0.26.7.tgz"
  "version" "0.26.7"
  dependencies:
    "@types/react" "*"

"@types/react@*":
  "integrity" "sha512-MWul1teSPxujEHVwZl4a5HxQ9vVNsjTchVA+xRqv/VYGCuKGAU6UhfrTdF5aBefwD1BHUD8i/zq+O/vyCm/FrA=="
  "resolved" "https://registry.npmjs.org/@types/react/-/react-18.0.20.tgz"
  "version" "18.0.20"
  dependencies:
    "@types/prop-types" "*"
    "@types/scheduler" "*"
    "csstype" "^3.0.2"

"@types/scheduler@*":
  "integrity" "sha512-hppQEBDmlwhFAXKJX2KnWLYu5yMfi91yazPb2l+lbJiwW+wdo1gNeRA+3RgNSO39WYX2euey41KEwnqesU2Jew=="
  "resolved" "https://registry.npmjs.org/@types/scheduler/-/scheduler-0.16.2.tgz"
  "version" "0.16.2"

"@types/three@^0.141.0":
  "integrity" "sha512-OJdKDgTPVBUgc+s74DYoy4aLznbFFC38Xm4ElmU1YwGNgR7GGFVvFCX7lpVgOsT6S1zSJtGdajTsOYE8/xY9nA=="
  "resolved" "https://registry.npmjs.org/@types/three/-/three-0.141.0.tgz"
  "version" "0.141.0"
  dependencies:
    "@types/webxr" "*"

"@types/webxr@*":
  "integrity" "sha512-LQvrACV3Pj17GpkwHwXuTd733gfY+D7b9mKdrTmLdO7vo7P/o6209Qqtk63y/FCv/lspdmi0pWz6Qe/ull9kQg=="
  "resolved" "https://registry.npmjs.org/@types/webxr/-/webxr-0.4.0.tgz"
  "version" "0.4.0"

"csstype@^3.0.2":
  "integrity" "sha512-DJR/VvkAvSZW9bTouZue2sSxDwdTN92uHjqeKVm+0dAqdfNykRzQ95tay8aXMBAAPpUiq4Qcug2L7neoRh2Egw=="
  "resolved" "https://registry.npmjs.org/csstype/-/csstype-3.1.1.tgz"
  "version" "3.1.1"

"debounce@^1.2.1":
  "integrity" "sha512-XRRe6Glud4rd/ZGQfiV1ruXSfbvfJedlV9Y6zOlP+2K04vBYiJEte6stfFkCP03aMnY5tsipamumUjL14fofug=="
  "resolved" "https://registry.npmjs.org/debounce/-/debounce-1.2.1.tgz"
  "version" "1.2.1"

"esbuild-darwin-64@0.14.48":
  "integrity" "sha512-gGQZa4+hab2Va/Zww94YbshLuWteyKGD3+EsVon8EWTWhnHFRm5N9NbALNbwi/7hQ/hM1Zm4FuHg+k6BLsl5UA=="
  "resolved" "https://registry.npmjs.org/esbuild-darwin-64/-/esbuild-darwin-64-0.14.48.tgz"
  "version" "0.14.48"

"esbuild@^0.14.27":
  "integrity" "sha512-w6N1Yn5MtqK2U1/WZTX9ZqUVb8IOLZkZ5AdHkT6x3cHDMVsYWC7WPdiLmx19w3i4Rwzy5LqsEMtVihG3e4rFzA=="
  "resolved" "https://registry.npmjs.org/esbuild/-/esbuild-0.14.48.tgz"
  "version" "0.14.48"
  optionalDependencies:
    "esbuild-android-64" "0.14.48"
    "esbuild-android-arm64" "0.14.48"
    "esbuild-darwin-64" "0.14.48"
    "esbuild-darwin-arm64" "0.14.48"
    "esbuild-freebsd-64" "0.14.48"
    "esbuild-freebsd-arm64" "0.14.48"
    "esbuild-linux-32" "0.14.48"
    "esbuild-linux-64" "0.14.48"
    "esbuild-linux-arm" "0.14.48"
    "esbuild-linux-arm64" "0.14.48"
    "esbuild-linux-mips64le" "0.14.48"
    "esbuild-linux-ppc64le" "0.14.48"
    "esbuild-linux-riscv64" "0.14.48"
    "esbuild-linux-s390x" "0.14.48"
    "esbuild-netbsd-64" "0.14.48"
    "esbuild-openbsd-64" "0.14.48"
    "esbuild-sunos-64" "0.14.48"
    "esbuild-windows-32" "0.14.48"
    "esbuild-windows-64" "0.14.48"
    "esbuild-windows-arm64" "0.14.48"

"fsevents@~2.3.2":
  "integrity" "sha512-xiqMQR4xAeHTuB9uWm+fFRcIOgKBMiOBP+eXiyT7jsgVCq1bkVygt00oASowB7EdtpOHaaPgKt812P9ab+DDKA=="
  "resolved" "https://registry.npmjs.org/fsevents/-/fsevents-2.3.2.tgz"
  "version" "2.3.2"

"function-bind@^1.1.1":
  "integrity" "sha512-yIovAzMX49sF8Yl58fSCWJ5svSLuaibPxXQJFLmBObTuCr0Mf1KiPopGM9NiFjiYBCbfaa2Fh6breQ6ANVTI0A=="
  "resolved" "https://registry.npmjs.org/function-bind/-/function-bind-1.1.1.tgz"
  "version" "1.1.1"

"has@^1.0.3":
  "integrity" "sha512-f2dvO0VU6Oej7RkWJGrehjbzMAjFp5/VKPp5tTpWIV4JHHZK1/BxbFRtf/siA2SWTe09caDmVtYYzWEIbBS4zw=="
  "resolved" "https://registry.npmjs.org/has/-/has-1.0.3.tgz"
  "version" "1.0.3"
  dependencies:
    "function-bind" "^1.1.1"

"is-core-module@^2.9.0":
  "integrity" "sha512-+5FPy5PnwmO3lvfMb0AsoPaBG+5KHUI0wYFXOtYPnVVVspTFUuMZNfNaNVRt3FZadstu2c8x23vykRW/NBoU6A=="
  "resolved" "https://registry.npmjs.org/is-core-module/-/is-core-module-2.9.0.tgz"
  "version" "2.9.0"
  dependencies:
    "has" "^1.0.3"

"js-tokens@^3.0.0 || ^4.0.0":
  "integrity" "sha512-RdJUflcE3cUzKiMqQgsCu06FPu9UdIJO0beYbPhHN4k6apgJtifcoCtT9bcxOpYBtpD2kCM6Sbzg4CausW/PKQ=="
  "resolved" "https://registry.npmjs.org/js-tokens/-/js-tokens-4.0.0.tgz"
  "version" "4.0.0"

"lodash-es@^4.17.21":
  "integrity" "sha512-mKnC+QJ9pWVzv+C4/U3rRsHapFfHvQFoFB92e52xeyGMcX6/OlIl78je1u8vePzYZSkkogMPJ2yjxxsb89cxyw=="
  "resolved" "https://registry.npmjs.org/lodash-es/-/lodash-es-4.17.21.tgz"
  "version" "4.17.21"

"loose-envify@^1.1.0":
  "integrity" "sha512-lyuxPGr/Wfhrlem2CL/UcnUc1zcqKAImBDzukY7Y5F/yQiNdko6+fRLevlw1HgMySw7f611UIY408EtxRSoK3Q=="
  "resolved" "https://registry.npmjs.org/loose-envify/-/loose-envify-1.4.0.tgz"
  "version" "1.4.0"
  dependencies:
    "js-tokens" "^3.0.0 || ^4.0.0"

"nanoid@^3.3.4":
  "integrity" "sha512-MqBkQh/OHTS2egovRtLk45wEyNXwF+cokD+1YPf9u5VfJiRdAiRwB2froX5Co9Rh20xs4siNPm8naNotSD6RBw=="
  "resolved" "https://registry.npmjs.org/nanoid/-/nanoid-3.3.4.tgz"
  "version" "3.3.4"

"path-parse@^1.0.7":
  "integrity" "sha512-LDJzPVEEEPR+y48z93A0Ed0yXb8pAByGWo/k5YYdYgpY2/2EsOsksJrq7lOHxryrVOn1ejG6oAp8ahvOIQD8sw=="
  "resolved" "https://registry.npmjs.org/path-parse/-/path-parse-1.0.7.tgz"
  "version" "1.0.7"

"picocolors@^1.0.0":
  "integrity" "sha512-1fygroTLlHu66zi26VoTDv8yRgm0Fccecssto+MhsZ0D/DGW2sm8E8AjW7NU5VVTRt5GxbeZ5qBuJr+HyLYkjQ=="
  "resolved" "https://registry.npmjs.org/picocolors/-/picocolors-1.0.0.tgz"
  "version" "1.0.0"

"postcss@^8.4.13":
  "integrity" "sha512-E398TUmfAYFPBSdzgeieK2Y1+1cpdxJx8yXbK/m57nRhKSmk1GB2tO4lbLBtlkfPQTDKfe4Xqv1ASWPpayPEig=="
  "resolved" "https://registry.npmjs.org/postcss/-/postcss-8.4.14.tgz"
  "version" "8.4.14"
  dependencies:
    "nanoid" "^3.3.4"
    "picocolors" "^1.0.0"
    "source-map-js" "^1.0.2"

"react-dom@>=16.13", "react-dom@>=18.0":
  "integrity" "sha512-6IMTriUmvsjHUjNtEDudZfuDQUoWXVxKHhlEGSk81n4YFS+r/Kl99wXiwlVXtPBtJenozv2P+hxDsw9eA7Xo6g=="
  "resolved" "https://registry.npmjs.org/react-dom/-/react-dom-18.2.0.tgz"
  "version" "18.2.0"
  dependencies:
    "loose-envify" "^1.1.0"
    "scheduler" "^0.23.0"

"react-reconciler@^0.27.0":
  "integrity" "sha512-HmMDKciQjYmBRGuuhIaKA1ba/7a+UsM5FzOZsMO2JYHt9Jh8reCb7j1eDC95NOyUlKM9KRyvdx0flBuDvYSBoA=="
  "resolved" "https://registry.npmjs.org/react-reconciler/-/react-reconciler-0.27.0.tgz"
  "version" "0.27.0"
  dependencies:
    "loose-envify" "^1.1.0"
    "scheduler" "^0.21.0"

"react-use-measure@^2.1.1":
  "integrity" "sha512-nocZhN26cproIiIduswYpV5y5lQpSQS1y/4KuvUCjSKmw7ZWIS/+g3aFnX3WdBkyuGUtTLif3UTqnLLhbDoQig=="
  "resolved" "https://registry.npmjs.org/react-use-measure/-/react-use-measure-2.1.1.tgz"
  "version" "2.1.1"
  dependencies:
    "debounce" "^1.2.1"

"react@^18.0.0", "react@^18.2.0", "react@>=16.13", "react@>=16.8", "react@>=17.0", "react@>=18.0":
  "integrity" "sha512-/3IjMdb2L9QbBdWiW5e3P2/npwMBaU9mHCSCUzNln0ZCYbcfTsGbTJrU/kGemdH2IWmB2ioZ+zkxtmq6g09fGQ=="
  "resolved" "https://registry.npmjs.org/react/-/react-18.2.0.tgz"
  "version" "18.2.0"
  dependencies:
    "loose-envify" "^1.1.0"

"regenerator-runtime@^0.13.4":
  "integrity" "sha512-p3VT+cOEgxFsRRA9X4lkI1E+k2/CtnKtU4gcxyaCUreilL/vqI6CdZ3wxVUx3UOUg+gnUOQQcRI7BmSI656MYA=="
  "resolved" "https://registry.npmjs.org/regenerator-runtime/-/regenerator-runtime-0.13.9.tgz"
  "version" "0.13.9"

"resolve@^1.22.0":
  "integrity" "sha512-nBpuuYuY5jFsli/JIs1oldw6fOQCBioohqWZg/2hiaOybXOft4lonv85uDOKXdf8rhyK159cxU5cDcK/NKk8zw=="
  "resolved" "https://registry.npmjs.org/resolve/-/resolve-1.22.1.tgz"
  "version" "1.22.1"
  dependencies:
    "is-core-module" "^2.9.0"
    "path-parse" "^1.0.7"
    "supports-preserve-symlinks-flag" "^1.0.0"

"rollup@^2.59.0":
  "integrity" "sha512-VSE1iy0eaAYNCxEXaleThdFXqZJ42qDBatAwrfnPlENEZ8erQ+0LYX4JXOLPceWfZpV1VtZwZ3dFCuOZiSyFtQ=="
  "resolved" "https://registry.npmjs.org/rollup/-/rollup-2.75.7.tgz"
  "version" "2.75.7"
  optionalDependencies:
    "fsevents" "~2.3.2"

"scheduler@^0.21.0":
  "integrity" "sha512-1r87x5fz9MXqswA2ERLo0EbOAU74DpIUO090gIasYTqlVoJeMcl+Z1Rg7WHz+qtPujhS/hGIt9kxZOYBV3faRQ=="
  "resolved" "https://registry.npmjs.org/scheduler/-/scheduler-0.21.0.tgz"
  "version" "0.21.0"
  dependencies:
    "loose-envify" "^1.1.0"

"scheduler@^0.23.0":
  "integrity" "sha512-CtuThmgHNg7zIZWAXi3AsyIzA3n4xx7aNyjwC2VJldO2LMVDhFK+63xGqq6CsJH4rTAt6/M+N4GhZiDYPx9eUw=="
  "resolved" "https://registry.npmjs.org/scheduler/-/scheduler-0.23.0.tgz"
  "version" "0.23.0"
  dependencies:
    "loose-envify" "^1.1.0"

"source-map-js@^1.0.2":
  "integrity" "sha512-R0XvVJ9WusLiqTCEiGCmICCMplcCkIwwR11mOSD9CR5u+IXYdiseeEuXCVAjS54zqwkLcPNnmU4OeJ6tUrWhDw=="
  "resolved" "https://registry.npmjs.org/source-map-js/-/source-map-js-1.0.2.tgz"
  "version" "1.0.2"

"supports-preserve-symlinks-flag@^1.0.0":
  "integrity" "sha512-ot0WnXS9fgdkgIcePe6RHNk1WA8+muPa6cSjeR3V8K27q9BB1rTE3R1p7Hv0z1ZyAc8s6Vvv8DIyWf681MAt0w=="
  "resolved" "https://registry.npmjs.org/supports-preserve-symlinks-flag/-/supports-preserve-symlinks-flag-1.0.0.tgz"
  "version" "1.0.0"

"suspend-react@^0.0.8":
  "integrity" "sha512-ZC3r8Hu1y0dIThzsGw0RLZplnX9yXwfItcvaIzJc2VQVi8TGyGDlu92syMB5ulybfvGLHAI5Ghzlk23UBPF8xg=="
  "resolved" "https://registry.npmjs.org/suspend-react/-/suspend-react-0.0.8.tgz"
  "version" "0.0.8"

"three@^0.142.0", "three@>=0.133":
  "integrity" "sha512-ESjPO+3geFr+ZUfVMpMnF/eVU2uJPOh0e2ZpMFqjNca1wApS9lJb7E4MjwGIczgt9iuKd8PEm6Pfgp2bJ92Xtg=="
  "resolved" "https://registry.npmjs.org/three/-/three-0.142.0.tgz"
  "version" "0.142.0"

"typescript@^4.5.4":
  "integrity" "sha512-C0WQT0gezHuw6AdY1M2jxUO83Rjf0HP7Sk1DtXj6j1EwkQNZrHAg2XPWlq62oqEhYvONq5pkC2Y9oPljWToLmQ=="
  "resolved" "https://registry.npmjs.org/typescript/-/typescript-4.7.4.tgz"
  "version" "4.7.4"

"vite@^2.9.9":
  "integrity" "sha512-AsOBAaT0AD7Mhe8DuK+/kE4aWYFMx/i0ZNi98hJclxb4e0OhQcZYUrvLjIaQ8e59Ui7txcvKMiJC1yftqpQoDw=="
  "resolved" "https://registry.npmjs.org/vite/-/vite-2.9.13.tgz"
  "version" "2.9.13"
  dependencies:
    "esbuild" "^0.14.27"
    "postcss" "^8.4.13"
    "resolve" "^1.22.0"
    "rollup" "^2.59.0"
  optionalDependencies:
    "fsevents" "~2.3.2"

"zustand@^3.7.1":
  "integrity" "sha512-PIJDIZKtokhof+9+60cpockVOq05sJzHCriyvaLBmEJixseQ1a5Kdov6fWZfWOu5SK9c+FhH1jU0tntLxRJYMA=="
  "resolved" "https://registry.npmjs.org/zustand/-/zustand-3.7.2.tgz"
  "version" "3.7.2"
